
Microsoft Visual Studio Solution File, Format Version 12.00
# Visual Studio Version 16
VisualStudioVersion = 16.0.30011.22
MinimumVisualStudioVersion = 10.0.40219.1
Project("{FAE04EC0-301F-11D3-BF4B-00C04F79EFBC}") = "butonOyunuNtp", "butonOyunuNtp\butonOyunuNtp.csproj", "{277E4EBC-1584-4911-83F4-BA7DF56DF5D3}"
EndProject
Global
	GlobalSection(SolutionConfigurationPlatforms) = preSolution
		Debug|Any CPU = Debug|Any CPU
		Release|Any CPU = Release|Any CPU
	EndGlobalSection
	GlobalSection(ProjectConfigurationPlatforms) = postSolution
		{277E4EBC-1584-4911-83F4-BA7DF56DF5D3}.Debug|Any CPU.ActiveCfg = Debug|Any CPU
		{277E4EBC-1584-4911-83F4-BA7DF56DF5D3}.Debug|Any CPU.Build.0 = Debug|Any CPU
		{277E4EBC-1584-4911-83F4-BA7DF56DF5D3}.Release|Any CPU.ActiveCfg = Release|Any CPU
		{277E4EBC-1584-4911-83F4-BA7DF56DF5D3}.Release|Any CPU.Build.0 = Release|Any CPU
	EndGlobalSection
	GlobalSection(SolutionProperties) = preSolution
		HideSolutionNode = FALSE
	EndGlobalSection
	GlobalSection(ExtensibilityGlobals) = postSolution
		SolutionGuid = {AF023A2F-8DA8-42C5-B6A4-BC0E6A41A5FA}
	EndGlobalSection
EndGlobal
